<?xml version="1.0" encoding="utf-8"?>
<Project ToolsVersion="4.0" xmlns="http://schemas.microsoft.com/developer/msbuild/2003">
  <ItemGroup>
    <Filter Include="mel">
      <UniqueIdentifier>{91efda18-f028-4987-8ad7-85ef4f4bfe8c}</UniqueIdentifier>
    </Filter>
    <Filter Include="src">
      <UniqueIdentifier>{7986ad3f-a0ee-444b-8896-cbed7be32c16}</UniqueIdentifier>
    </Filter>
    <Filter Include="src\output">
      <UniqueIdentifier>{06192d00-48fa-4463-a4bd-684ea5592f93}</UniqueIdentifier>
    </Filter>
    <Filter Include="mel\alias">
      <UniqueIdentifier>{7db93218-8c9e-401a-8264-2bc50f55b637}</UniqueIdentifier>
    </Filter>
    <Filter Include="src\shader_node">
      <UniqueIdentifier>{ddd36cd8-da8b-4fdc-8e32-01428cdeae1a}</UniqueIdentifier>
    </Filter>
  </ItemGroup>
  <ItemGroup>
    <ClCompile Include="..\elvishray\er_factory.cpp">
      <Filter>src</Filter>
    </ClCompile>
    <ClCompile Include="..\elvishray\er_GlobalNodeHelper.cpp">
      <Filter>src</Filter>
    </ClCompile>
    <ClCompile Include="..\elvishray\er_group.cpp">
      <Filter>src</Filter>
    </ClCompile>
    <ClCompile Include="..\elvishray\er_groupmgr.cpp">
      <Filter>src</Filter>
    </ClCompile>
    <ClCompile Include="..\elvishray\er_renderer.cpp">
      <Filter>src</Filter>
    </ClCompile>
    <ClCompile Include="..\elvishray\er_shader.cpp">
      <Filter>src</Filter>
    </ClCompile>
    <ClCompile Include="..\elvishray\er_writeLightData.cpp">
      <Filter>src</Filter>
    </ClCompile>
    <ClCompile Include="..\elvishray\er_writeLocatorData.cpp">
      <Filter>src</Filter>
    </ClCompile>
    <ClCompile Include="..\elvishray\er_writeMeshData.cpp">
      <Filter>src</Filter>
    </ClCompile>
    <ClCompile Include="..\elvishray\er_writePfxData.cpp">
      <Filter>src</Filter>
    </ClCompile>
    <ClCompile Include="..\elvishray\er_writePfxHairData.cpp">
      <Filter>src</Filter>
    </ClCompile>
    <ClCompile Include="..\elvishray\er_writeShaveData.cpp">
      <Filter>src</Filter>
    </ClCompile>
    <ClCompile Include="..\elvishray\ercall.cpp">
      <Filter>src</Filter>
    </ClCompile>
    <ClCompile Include="..\elvishray\MayaConnection.cpp">
      <Filter>src</Filter>
    </ClCompile>
    <ClCompile Include="..\elvishray\shaderOutputER.cpp">
      <Filter>src</Filter>
    </ClCompile>
    <ClCompile Include="..\elvishray\shaderOutputER_materials.cpp">
      <Filter>src</Filter>
    </ClCompile>
    <ClCompile Include="..\elvishray\shaderOutputER_mi.cpp">
      <Filter>src</Filter>
    </ClCompile>
    <ClCompile Include="..\elvishray\shaderOutputER_textures.cpp">
      <Filter>src</Filter>
    </ClCompile>
    <ClCompile Include="..\elvishray\shaderOutputER_utilities.cpp">
      <Filter>src</Filter>
    </ClCompile>
    <ClCompile Include="..\elvishray\er_writeClipPlaneData.cpp">
      <Filter>src</Filter>
    </ClCompile>
    <ClCompile Include="..\elvishray\er_writeCurvesData.cpp">
      <Filter>src</Filter>
    </ClCompile>
    <ClCompile Include="..\elvishray\er_writeHSubdData.cpp">
      <Filter>src</Filter>
    </ClCompile>
    <ClCompile Include="..\elvishray\er_writeImplicitSphereData.cpp">
      <Filter>src</Filter>
    </ClCompile>
    <ClCompile Include="..\elvishray\er_writeMayaSubdData.cpp">
      <Filter>src</Filter>
    </ClCompile>
    <ClCompile Include="..\elvishray\er_writeNuCurveData.cpp">
      <Filter>src</Filter>
    </ClCompile>
    <ClCompile Include="..\elvishray\er_writeParticleData.cpp">
      <Filter>src</Filter>
    </ClCompile>
    <ClCompile Include="..\elvishray\er_writePfxToonData.cpp">
      <Filter>src</Filter>
    </ClCompile>
    <ClCompile Include="..\elvishray\er_writeSubdData.cpp">
      <Filter>src</Filter>
    </ClCompile>
    <ClCompile Include="..\elvishray\er_writeSurfaceData.cpp">
      <Filter>src</Filter>
    </ClCompile>
    <ClCompile Include="..\elvishray\er_writeCoordData.cpp">
      <Filter>src</Filter>
    </ClCompile>
    <ClCompile Include="..\elvishray\er_preview.cpp">
      <Filter>src</Filter>
    </ClCompile>
    <ClCompile Include="..\elvishray\er_plug.cpp">
      <Filter>src</Filter>
    </ClCompile>
    <ClCompile Include="..\elvishray\er_iprMgr.cpp">
      <Filter>src</Filter>
    </ClCompile>
    <ClCompile Include="..\elvishray\er_helper.cpp">
      <Filter>src</Filter>
    </ClCompile>
    <ClCompile Include="..\elvishray\er_output_mgr.cpp">
      <Filter>src</Filter>
    </ClCompile>
    <ClCompile Include="..\elvishray\output\er_output_base.cpp">
      <Filter>src\output</Filter>
    </ClCompile>
    <ClCompile Include="..\elvishray\output\er_output_esa.cpp">
      <Filter>src\output</Filter>
    </ClCompile>
    <ClCompile Include="..\elvishray\output\er_output_ess.cpp">
      <Filter>src\output</Filter>
    </ClCompile>
    <ClCompile Include="..\elvishray\output\er_output_call.cpp">
      <Filter>src\output</Filter>
    </ClCompile>
    <ClCompile Include="..\elvishray\er_writeCameraData.cpp">
      <Filter>src</Filter>
    </ClCompile>
    <ClCompile Include="..\elvishray\er_globalnode.cpp">
      <Filter>src</Filter>
    </ClCompile>
    <ClCompile Include="..\elvishray\er_nodeId.cpp">
      <Filter>src</Filter>
    </ClCompile>
    <ClCompile Include="..\elvishray\shader_node\er_physicalsky_node.cpp">
      <Filter>src\shader_node</Filter>
    </ClCompile>
    <ClCompile Include="..\elvishray\er_NodeAddCallback.cpp">
      <Filter>src</Filter>
    </ClCompile>
    <ClCompile Include="..\elvishray\er_rnode_visitor.cpp">
      <Filter>src</Filter>
    </ClCompile>
    <ClCompile Include="..\elvishray\shaderOutputER_er.cpp">
      <Filter>src</Filter>
    </ClCompile>
    <ClCompile Include="..\elvishray\shader_node\er_skylight_node.cpp">
      <Filter>src\shader_node</Filter>
    </ClCompile>
  </ItemGroup>
  <ItemGroup>
    <ClInclude Include="..\elvishray\er_factory.h">
      <Filter>src</Filter>
    </ClInclude>
    <ClInclude Include="..\elvishray\er_GlobalNodeHelper.h">
      <Filter>src</Filter>
    </ClInclude>
    <ClInclude Include="..\elvishray\er_group.h">
      <Filter>src</Filter>
    </ClInclude>
    <ClInclude Include="..\elvishray\er_groupmgr.h">
      <Filter>src</Filter>
    </ClInclude>
    <ClInclude Include="..\elvishray\er_renderer.h">
      <Filter>src</Filter>
    </ClInclude>
    <ClInclude Include="..\elvishray\ercall.h">
      <Filter>src</Filter>
    </ClInclude>
    <ClInclude Include="..\elvishray\MayaConnection.h">
      <Filter>src</Filter>
    </ClInclude>
    <ClInclude Include="..\elvishray\shaderOutputER.h">
      <Filter>src</Filter>
    </ClInclude>
    <ClInclude Include="..\elvishray\er_iprMgr.h">
      <Filter>src</Filter>
    </ClInclude>
    <ClInclude Include="..\elvishray\er_helper.h">
      <Filter>src</Filter>
    </ClInclude>
    <ClInclude Include="..\elvishray\er_output_mgr.h">
      <Filter>src</Filter>
    </ClInclude>
    <ClInclude Include="..\elvishray\output\er_output_base.h">
      <Filter>src\output</Filter>
    </ClInclude>
    <ClInclude Include="..\elvishray\output\er_output_esa.h">
      <Filter>src\output</Filter>
    </ClInclude>
    <ClInclude Include="..\elvishray\output\er_output_ess.h">
      <Filter>src\output</Filter>
    </ClInclude>
    <ClInclude Include="..\elvishray\output\er_output_call.h">
      <Filter>src\output</Filter>
    </ClInclude>
    <ClInclude Include="..\elvishray\er_log.h">
      <Filter>src</Filter>
    </ClInclude>
    <ClInclude Include="..\elvishray\er_globalnode.h">
      <Filter>src</Filter>
    </ClInclude>
    <ClInclude Include="..\elvishray\er_nodeId.h">
      <Filter>src</Filter>
    </ClInclude>
    <ClInclude Include="..\elvishray\er_.h">
      <Filter>src</Filter>
    </ClInclude>
    <ClInclude Include="..\elvishray\shader_node\er_physicalsky_node.h">
      <Filter>src\shader_node</Filter>
    </ClInclude>
    <ClInclude Include="..\elvishray\er_shader_node.h">
      <Filter>src</Filter>
    </ClInclude>
    <ClInclude Include="..\elvishray\er_NodeAddCallback.h">
      <Filter>src</Filter>
    </ClInclude>
    <ClInclude Include="..\elvishray\er_rnode_visitor.h">
      <Filter>src</Filter>
    </ClInclude>
    <ClInclude Include="..\elvishray\shader_node\er_skylight_node.h">
      <Filter>src\shader_node</Filter>
    </ClInclude>
  </ItemGroup>
  <ItemGroup>
    <None Include="..\elvishray\mel\er_AEliquidInstanceFlags.mel">
      <Filter>mel</Filter>
    </None>
    <None Include="..\elvishray\mel\er_CreateMenus.mel">
      <Filter>mel</Filter>
    </None>
    <None Include="..\elvishray\mel\userSetup.mel">
      <Filter>mel</Filter>
    </None>
    <None Include="..\elvishray\mel\AEliquidShaderTemplate_elvishray.mel">
      <Filter>mel</Filter>
    </None>
    <None Include="..\elvishray\mel\er_callback.mel">
      <Filter>mel</Filter>
    </None>
    <None Include="..\elvishray\mel\er_UserCallbackInterface.mel">
      <Filter>mel</Filter>
    </None>
    <None Include="..\elvishray\mel\er_ConvertNurbs.mel">
      <Filter>mel</Filter>
    </None>
    <None Include="..\elvishray\mel\er_ConvertSubdivs.mel">
      <Filter>mel</Filter>
    </None>
    <None Include="..\elvishray\mel\er_startup.mel">
      <Filter>mel</Filter>
    </None>
    <None Include="..\elvishray\mel\AEelvishrayGlobalsTemplate.mel">
      <Filter>mel</Filter>
    </None>
    <None Include="..\elvishray\mel\AEelvishrayGlobalsTemplate.res.mel">
      <Filter>mel</Filter>
    </None>
    <None Include="..\elvishray\mel\er_CameraVisibility.mel">
      <Filter>mel</Filter>
    </None>
    <None Include="..\elvishray\mel\alias\AEElvishRenderGlobalsTemplate.mel">
      <Filter>mel\alias</Filter>
    </None>
    <None Include="..\elvishray\mel\alias\AEliquidShaderTemplate_ElvishRender.mel">
      <Filter>mel\alias</Filter>
    </None>
    <None Include="..\elvishray\mel\alias\er_AEliquidInstanceFlags_ElvishRender.mel">
      <Filter>mel\alias</Filter>
    </None>
    <None Include="..\elvishray\mel\alias\er_callback_ElvishRender.mel">
      <Filter>mel\alias</Filter>
    </None>
    <None Include="..\elvishray\mel\alias\er_startup_ElvishRender.mel">
      <Filter>mel\alias</Filter>
    </None>
    <None Include="..\elvishray\mel\alias\er_UserCallbackInterface_ElvishRender.mel">
      <Filter>mel\alias</Filter>
    </None>
    <None Include="..\elvishray\mel\alias\userSetup.mel">
      <Filter>mel\alias</Filter>
    </None>
    <None Include="..\elvishray\mel\AEer_physicalskyTemplate.mel">
      <Filter>mel</Filter>
    </None>
    <None Include="..\elvishray\mel\AEer_skylightTemplate.mel">
      <Filter>mel</Filter>
    </None>
    <None Include="..\elvishray\mel\er_liquidProcedurals.mel">
      <Filter>mel</Filter>
    </None>
    <None Include="..\elvishray\mel\alias\er_liquidProcedurals_ElvishRender.mel">
      <Filter>mel\alias</Filter>
    </None>
  </ItemGroup>
</Project>