<?xml version="1.0" encoding="utf-8"?>
<Project ToolsVersion="4.0" xmlns="http://schemas.microsoft.com/developer/msbuild/2003">
  <ItemGroup>
    <Filter Include="Source Files">
      <UniqueIdentifier>{b3b5abf0-08d0-4dd6-a11f-86d9478bf45f}</UniqueIdentifier>
      <Extensions>cpp;c;cxx;rc;def;r;odl;idl;hpj;bat</Extensions>
    </Filter>
    <Filter Include="Header Files">
      <UniqueIdentifier>{620928ae-ea3e-4e4a-8bb0-c393d94510b1}</UniqueIdentifier>
      <Extensions>h;hpp;hxx;hm;inl</Extensions>
    </Filter>
    <Filter Include="Resource Files">
      <UniqueIdentifier>{26073173-cb32-426c-b07b-465885d761ff}</UniqueIdentifier>
      <Extensions>ico;cur;bmp;dlg;rc2;rct;bin;rgs;gif;jpg;jpeg;jpe</Extensions>
    </Filter>
  </ItemGroup>
  <ItemGroup>
    <ClCompile Include="..\..\liqMayaDisplayDriverPixie.cpp">
      <Filter>Source Files</Filter>
    </ClCompile>
  </ItemGroup>
  <ItemGroup>
    <ClInclude Include="..\..\..\include\liqMayaDisplayDriverPixie.h">
      <Filter>Header Files</Filter>
    </ClInclude>
  </ItemGroup>
  <ItemGroup>
    <None Include="..\..\..\shaders\src\liquidarea.sl" />
    <None Include="..\..\..\shaders\src\liquidchecker.sl" />
    <None Include="..\..\..\shaders\src\liquiddistant.sl" />
    <None Include="..\..\..\shaders\src\liquidpoint.sl" />
    <None Include="..\..\..\shaders\src\liquidspot.sl" />
  </ItemGroup>
</Project>